
Microsoft Visual Studio Solution File, Format Version 12.00
# Visual Studio Version 17
VisualStudioVersion = 17.10.34928.147
MinimumVisualStudioVersion = 10.0.40219.1
Project("{FAE04EC0-301F-11D3-BF4B-00C04F79EFBC}") = "testTask", "testTask.csproj", "{C5185B02-8A48-4020-A0F0-BBB7A8CC6A95}"
EndProject
Global
	GlobalSection(SolutionConfigurationPlatforms) = preSolution
		Debug|Any CPU = Debug|Any CPU
		Release|Any CPU = Release|Any CPU
	EndGlobalSection
	GlobalSection(ProjectConfigurationPlatforms) = postSolution
		{C5185B02-8A48-4020-A0F0-BBB7A8CC6A95}.Debug|Any CPU.ActiveCfg = Debug|Any CPU
		{C5185B02-8A48-4020-A0F0-BBB7A8CC6A95}.Debug|Any CPU.Build.0 = Debug|Any CPU
		{C5185B02-8A48-4020-A0F0-BBB7A8CC6A95}.Release|Any CPU.ActiveCfg = Release|Any CPU
		{C5185B02-8A48-4020-A0F0-BBB7A8CC6A95}.Release|Any CPU.Build.0 = Release|Any CPU
	EndGlobalSection
	GlobalSection(SolutionProperties) = preSolution
		HideSolutionNode = FALSE
	EndGlobalSection
	GlobalSection(ExtensibilityGlobals) = postSolution
		SolutionGuid = {32DF250B-C0BF-4C7E-A85B-842E5A584112}
	EndGlobalSection
EndGlobal
